
Microsoft Visual Studio Solution File, Format Version 12.00
Project("{FAE04EC0-301F-11D3-BF4B-00C04F79EFBC}") = "PlatformFoundation.WebApi", "PlatformFoundation.WebApi\PlatformFoundation.WebApi.csproj", "{627ECE3A-3A39-47DD-AB88-17184D97097F}"
EndProject
Project("{FAE04EC0-301F-11D3-BF4B-00C04F79EFBC}") = "PlatformFoundation.Domain", "PlatformFoundation.Domain\PlatformFoundation.Domain.csproj", "{B0411756-1CC3-4F02-982E-746230EC2FE3}"
EndProject
Project("{FAE04EC0-301F-11D3-BF4B-00C04F79EFBC}") = "PlatformFoundation.Application", "PlatformFoundation.Application\PlatformFoundation.Application.csproj", "{09006FAA-9EDF-47A0-98B1-EDB5CDDD28DB}"
EndProject
Project("{FAE04EC0-301F-11D3-BF4B-00C04F79EFBC}") = "PlatformFoundation.Infrastructure", "PlatformFoundation.Infrastructure\PlatformFoundation.Infrastructure.csproj", "{B6FEF8CD-8C11-4FB8-ADDF-1F5C00DC82FC}"
EndProject
Project("{FAE04EC0-301F-11D3-BF4B-00C04F79EFBC}") = "PlatformFoundation.IntegrationTests", "PlatformFoundation.IntegrationTests\PlatformFoundation.IntegrationTests.csproj", "{05E91CEB-19FA-4B4B-BED2-69A043E3145D}"
EndProject
Global
	GlobalSection(SolutionConfigurationPlatforms) = preSolution
		Debug|Any CPU = Debug|Any CPU
		Release|Any CPU = Release|Any CPU
	EndGlobalSection
	GlobalSection(ProjectConfigurationPlatforms) = postSolution
		{627ECE3A-3A39-47DD-AB88-17184D97097F}.Debug|Any CPU.ActiveCfg = Debug|Any CPU
		{627ECE3A-3A39-47DD-AB88-17184D97097F}.Debug|Any CPU.Build.0 = Debug|Any CPU
		{627ECE3A-3A39-47DD-AB88-17184D97097F}.Release|Any CPU.ActiveCfg = Release|Any CPU
		{627ECE3A-3A39-47DD-AB88-17184D97097F}.Release|Any CPU.Build.0 = Release|Any CPU
		{B0411756-1CC3-4F02-982E-746230EC2FE3}.Debug|Any CPU.ActiveCfg = Debug|Any CPU
		{B0411756-1CC3-4F02-982E-746230EC2FE3}.Debug|Any CPU.Build.0 = Debug|Any CPU
		{B0411756-1CC3-4F02-982E-746230EC2FE3}.Release|Any CPU.ActiveCfg = Release|Any CPU
		{B0411756-1CC3-4F02-982E-746230EC2FE3}.Release|Any CPU.Build.0 = Release|Any CPU
		{09006FAA-9EDF-47A0-98B1-EDB5CDDD28DB}.Debug|Any CPU.ActiveCfg = Debug|Any CPU
		{09006FAA-9EDF-47A0-98B1-EDB5CDDD28DB}.Debug|Any CPU.Build.0 = Debug|Any CPU
		{09006FAA-9EDF-47A0-98B1-EDB5CDDD28DB}.Release|Any CPU.ActiveCfg = Release|Any CPU
		{09006FAA-9EDF-47A0-98B1-EDB5CDDD28DB}.Release|Any CPU.Build.0 = Release|Any CPU
		{B6FEF8CD-8C11-4FB8-ADDF-1F5C00DC82FC}.Debug|Any CPU.ActiveCfg = Debug|Any CPU
		{B6FEF8CD-8C11-4FB8-ADDF-1F5C00DC82FC}.Debug|Any CPU.Build.0 = Debug|Any CPU
		{B6FEF8CD-8C11-4FB8-ADDF-1F5C00DC82FC}.Release|Any CPU.ActiveCfg = Release|Any CPU
		{B6FEF8CD-8C11-4FB8-ADDF-1F5C00DC82FC}.Release|Any CPU.Build.0 = Release|Any CPU
		{05E91CEB-19FA-4B4B-BED2-69A043E3145D}.Debug|Any CPU.ActiveCfg = Debug|Any CPU
		{05E91CEB-19FA-4B4B-BED2-69A043E3145D}.Debug|Any CPU.Build.0 = Debug|Any CPU
		{05E91CEB-19FA-4B4B-BED2-69A043E3145D}.Release|Any CPU.ActiveCfg = Release|Any CPU
		{05E91CEB-19FA-4B4B-BED2-69A043E3145D}.Release|Any CPU.Build.0 = Release|Any CPU
	EndGlobalSection
EndGlobal
